
Microsoft Visual Studio Solution File, Format Version 12.00
# Visual Studio 2017
Project("{FAE04EC0-301F-11D3-BF4B-00C04F79EFBC}") = "Zombie-Runner.Plugins", "Zombie-Runner.Plugins.csproj", "{DCCA558B-698A-4A6D-141B-8CF74406E151}"
EndProject
Project("{FAE04EC0-301F-11D3-BF4B-00C04F79EFBC}") = "Zombie-Runner", "Zombie-Runner.csproj", "{C6BA35FC-D9CB-B255-C6B5-57764440C40B}"
EndProject
Project("{FAE04EC0-301F-11D3-BF4B-00C04F79EFBC}") = "Zombie-Runner.Editor.Plugins", "Zombie-Runner.Editor.Plugins.csproj", "{B5E5DF0F-7C59-7CE3-D6B7-DB7A8AC89335}"
EndProject
Global
	GlobalSection(SolutionConfigurationPlatforms) = preSolution
		Debug|Any CPU = Debug|Any CPU
		Release|Any CPU = Release|Any CPU
	EndGlobalSection
	GlobalSection(ProjectConfigurationPlatforms) = postSolution
		{DCCA558B-698A-4A6D-141B-8CF74406E151}.Debug|Any CPU.ActiveCfg = Debug|Any CPU
		{DCCA558B-698A-4A6D-141B-8CF74406E151}.Debug|Any CPU.Build.0 = Debug|Any CPU
		{DCCA558B-698A-4A6D-141B-8CF74406E151}.Release|Any CPU.ActiveCfg = Release|Any CPU
		{DCCA558B-698A-4A6D-141B-8CF74406E151}.Release|Any CPU.Build.0 = Release|Any CPU
		{C6BA35FC-D9CB-B255-C6B5-57764440C40B}.Debug|Any CPU.ActiveCfg = Debug|Any CPU
		{C6BA35FC-D9CB-B255-C6B5-57764440C40B}.Debug|Any CPU.Build.0 = Debug|Any CPU
		{C6BA35FC-D9CB-B255-C6B5-57764440C40B}.Release|Any CPU.ActiveCfg = Release|Any CPU
		{C6BA35FC-D9CB-B255-C6B5-57764440C40B}.Release|Any CPU.Build.0 = Release|Any CPU
		{B5E5DF0F-7C59-7CE3-D6B7-DB7A8AC89335}.Debug|Any CPU.ActiveCfg = Debug|Any CPU
		{B5E5DF0F-7C59-7CE3-D6B7-DB7A8AC89335}.Debug|Any CPU.Build.0 = Debug|Any CPU
		{B5E5DF0F-7C59-7CE3-D6B7-DB7A8AC89335}.Release|Any CPU.ActiveCfg = Release|Any CPU
		{B5E5DF0F-7C59-7CE3-D6B7-DB7A8AC89335}.Release|Any CPU.Build.0 = Release|Any CPU
	EndGlobalSection
	GlobalSection(SolutionProperties) = preSolution
		HideSolutionNode = FALSE
	EndGlobalSection
EndGlobal
